PODS:
  - Alamofire (3.5.1)
  - CloudVisionKit (0.2.0):
    - Alamofire (~> 3.5.0)
    - SwiftyJSON (~> 2.4.0)
    - Unbox (~> 1.9)
  - Keys (1.0.0)
  - SwiftyJSON (2.4.0)
  - Unbox (1.9)

DEPENDENCIES:
  - Alamofire (~> 3.5.0)
  - CloudVisionKit (from `../`)
  - Keys (from `Pods/CocoaPodsKeys`)
  - SwiftyJSON (~> 2.4.0)
  - Unbox (~> 1.9)

EXTERNAL SOURCES:
  CloudVisionKit:
    :path: "../"
  Keys:
    :path: Pods/CocoaPodsKeys

SPEC CHECKSUMS:
  Alamofire: 0dfba1184a543e2aa160f4e39cac4e8aba48d223
  CloudVisionKit: 9345dec4e442620f818d6e91f2b556405fc985d8
  Keys: 9c35bf00f612ee1d48556f4a4b9b4551e224e90f
  SwiftyJSON: 96918c1bf505efa50c4f72957018dd3452090c9c
  Unbox: a6f56a1682b5fd2ba6aea96d7b1ec17599db4f05

PODFILE CHECKSUM: e4727d7cfc98d8e154510ed847e716baaa70138f

COCOAPODS: 1.1.1
