PODS:
  - Alamofire (4.0.1)
  - CloudVisionKit (0.3.0):
    - Alamofire (~> 4.0.1)
    - SwiftyJSON (~> 3.1.1)
    - Unbox (~> 2.1)
  - Keys (1.0.0)
  - SwiftyJSON (3.1.1)
  - Unbox (2.1)

DEPENDENCIES:
  - Alamofire (~> 4.0.1)
  - CloudVisionKit (from `../`)
  - Keys (from `Pods/CocoaPodsKeys`)
  - SwiftyJSON (~> 3.1.1)
  - Unbox (~> 2.1)

EXTERNAL SOURCES:
  CloudVisionKit:
    :path: "../"
  Keys:
    :path: Pods/CocoaPodsKeys

SPEC CHECKSUMS:
  Alamofire: 7682d43245de14874acd142ec137b144aa1dd335
  CloudVisionKit: e4a847a8453042bc106eca1c6648b4d75ec5995e
  Keys: 9c35bf00f612ee1d48556f4a4b9b4551e224e90f
  SwiftyJSON: f0be2e604f83e8405a624e9f891898bf6ed4e019
  Unbox: 7070b89261391fbd1a9ccb5029079a884b897a62

PODFILE CHECKSUM: d10a7b61b1f09d3cb87d85564d832bfa9b68971f

COCOAPODS: 1.1.1
